dependencies:
- name: sulfoxide-bromine
  repository: oci://ghcr.io/atomicloud/sulfoxide.bromine
  version: 1.6.0
- name: root-chart
  repository: oci://ghcr.io/atomicloud/nitroso.zinc
  version: 1.26.0
- name: bun-cron-chart
  repository: file://../cron_chart
  version: 0.1.0
- name: bun-cron-chart
  repository: file://../cron_chart
  version: 0.1.0
- name: bun-cron-chart
  repository: file://../cron_chart
  version: 0.1.0
digest: sha256:48aafdaf15ada64ebd67f1791fe8ccc637bb38c4a28b0e90e2394892f364d3d3
generated: "2024-08-11T20:36:09.076471+08:00"
