dependencies:
- name: sulfoxide-bromine
  repository: oci://ghcr.io/atomicloud/sulfoxide.bromine
  version: 1.4.0
- name: root-chart
  repository: oci://ghcr.io/atomicloud/nitroso.zinc
  version: 1.26.0
- name: bun-cron-chart
  repository: file://../cron_chart
  version: 0.1.0
- name: bun-cron-chart
  repository: file://../cron_chart
  version: 0.1.0
- name: bun-cron-chart
  repository: file://../cron_chart
  version: 0.1.0
digest: sha256:ca681a809c141337be5549b3853777a04203d07675e27507bc50ce6b961d8c2b
generated: "2024-07-13T22:50:56.162686+08:00"
